
Microsoft Visual Studio Solution File, Format Version 12.00
# Visual Studio Version 16
VisualStudioVersion = 16.0.31624.102
MinimumVisualStudioVersion = 10.0.40219.1
Project("{FAE04EC0-301F-11D3-BF4B-00C04F79EFBC}") = "MeinErsteProjektHaitham", "MeinErsteProjektHaitham\MeinErsteProjektHaitham.csproj", "{AA727B92-96F3-4122-A158-4CA2EAE80449}"
EndProject
Global
	GlobalSection(SolutionConfigurationPlatforms) = preSolution
		Debug|Any CPU = Debug|Any CPU
		Release|Any CPU = Release|Any CPU
	EndGlobalSection
	GlobalSection(ProjectConfigurationPlatforms) = postSolution
		{AA727B92-96F3-4122-A158-4CA2EAE80449}.Debug|Any CPU.ActiveCfg = Debug|Any CPU
		{AA727B92-96F3-4122-A158-4CA2EAE80449}.Debug|Any CPU.Build.0 = Debug|Any CPU
		{AA727B92-96F3-4122-A158-4CA2EAE80449}.Release|Any CPU.ActiveCfg = Release|Any CPU
		{AA727B92-96F3-4122-A158-4CA2EAE80449}.Release|Any CPU.Build.0 = Release|Any CPU
	EndGlobalSection
	GlobalSection(SolutionProperties) = preSolution
		HideSolutionNode = FALSE
	EndGlobalSection
	GlobalSection(ExtensibilityGlobals) = postSolution
		SolutionGuid = {D7C478FD-FD78-49E3-8546-878E588F05AF}
	EndGlobalSection
EndGlobal
